
Microsoft Visual Studio Solution File, Format Version 12.00
# Visual Studio Version 16
VisualStudioVersion = 16.0.31205.134
MinimumVisualStudioVersion = 10.0.40219.1
Project("{FAE04EC0-301F-11D3-BF4B-00C04F79EFBC}") = "StockData.Worker", "StockData.Worker\StockData.Worker.csproj", "{79F76329-347E-4065-B719-326E3DB97AB1}"
EndProject
Project("{FAE04EC0-301F-11D3-BF4B-00C04F79EFBC}") = "Worker.Data", "Worker.Data\Worker.Data.csproj", "{7F64D9C1-CDB7-486D-95AA-7262F72CB91B}"
EndProject
Project("{FAE04EC0-301F-11D3-BF4B-00C04F79EFBC}") = "Worker.Training", "Worker.Training\Worker.Training.csproj", "{403034FD-3F50-48C2-B1F0-AB039E4A5A06}"
EndProject
Global
	GlobalSection(SolutionConfigurationPlatforms) = preSolution
		Debug|Any CPU = Debug|Any CPU
		Release|Any CPU = Release|Any CPU
	EndGlobalSection
	GlobalSection(ProjectConfigurationPlatforms) = postSolution
		{79F76329-347E-4065-B719-326E3DB97AB1}.Debug|Any CPU.ActiveCfg = Debug|Any CPU
		{79F76329-347E-4065-B719-326E3DB97AB1}.Debug|Any CPU.Build.0 = Debug|Any CPU
		{79F76329-347E-4065-B719-326E3DB97AB1}.Release|Any CPU.ActiveCfg = Release|Any CPU
		{79F76329-347E-4065-B719-326E3DB97AB1}.Release|Any CPU.Build.0 = Release|Any CPU
		{7F64D9C1-CDB7-486D-95AA-7262F72CB91B}.Debug|Any CPU.ActiveCfg = Debug|Any CPU
		{7F64D9C1-CDB7-486D-95AA-7262F72CB91B}.Debug|Any CPU.Build.0 = Debug|Any CPU
		{7F64D9C1-CDB7-486D-95AA-7262F72CB91B}.Release|Any CPU.ActiveCfg = Release|Any CPU
		{7F64D9C1-CDB7-486D-95AA-7262F72CB91B}.Release|Any CPU.Build.0 = Release|Any CPU
		{403034FD-3F50-48C2-B1F0-AB039E4A5A06}.Debug|Any CPU.ActiveCfg = Debug|Any CPU
		{403034FD-3F50-48C2-B1F0-AB039E4A5A06}.Debug|Any CPU.Build.0 = Debug|Any CPU
		{403034FD-3F50-48C2-B1F0-AB039E4A5A06}.Release|Any CPU.ActiveCfg = Release|Any CPU
		{403034FD-3F50-48C2-B1F0-AB039E4A5A06}.Release|Any CPU.Build.0 = Release|Any CPU
	EndGlobalSection
	GlobalSection(SolutionProperties) = preSolution
		HideSolutionNode = FALSE
	EndGlobalSection
	GlobalSection(ExtensibilityGlobals) = postSolution
		SolutionGuid = {348B554A-49F4-4B2B-9E5D-99FEBBFF9921}
	EndGlobalSection
EndGlobal
